
Microsoft Visual Studio Solution File, Format Version 12.00
# Visual Studio 2012
Project("{FAE04EC0-301F-11D3-BF4B-00C04F79EFBC}") = "XamLocalization", "XamLocalization.csproj", "{6B855765-8587-4626-A22D-35646F103B5C}"
EndProject
Project("{FAE04EC0-301F-11D3-BF4B-00C04F79EFBC}") = "XamLocalization.iOS", "iOS\XamLocalization.iOS.csproj", "{C8D11811-18D4-431C-B0A3-C2AFCED00F7E}"
EndProject
Project("{FAE04EC0-301F-11D3-BF4B-00C04F79EFBC}") = "XamLocalization.Droid", "Droid\XamLocalization.Droid.csproj", "{19175FF2-3858-453B-AB19-A76C0D268940}"
EndProject
Global
	GlobalSection(SolutionConfigurationPlatforms) = preSolution
		Debug|Any CPU = Debug|Any CPU
		Release|Any CPU = Release|Any CPU
		Debug|iPhoneSimulator = Debug|iPhoneSimulator
		Release|iPhone = Release|iPhone
		Release|iPhoneSimulator = Release|iPhoneSimulator
		Debug|iPhone = Debug|iPhone
	EndGlobalSection
	GlobalSection(ProjectConfigurationPlatforms) = postSolution
		{6B855765-8587-4626-A22D-35646F103B5C}.Debug|Any CPU.ActiveCfg = Debug|Any CPU
		{6B855765-8587-4626-A22D-35646F103B5C}.Debug|Any CPU.Build.0 = Debug|Any CPU
		{6B855765-8587-4626-A22D-35646F103B5C}.Release|Any CPU.ActiveCfg = Release|Any CPU
		{6B855765-8587-4626-A22D-35646F103B5C}.Release|Any CPU.Build.0 = Release|Any CPU
		{6B855765-8587-4626-A22D-35646F103B5C}.Debug|iPhoneSimulator.ActiveCfg = Debug|Any CPU
		{6B855765-8587-4626-A22D-35646F103B5C}.Debug|iPhoneSimulator.Build.0 = Debug|Any CPU
		{6B855765-8587-4626-A22D-35646F103B5C}.Release|iPhone.ActiveCfg = Release|Any CPU
		{6B855765-8587-4626-A22D-35646F103B5C}.Release|iPhone.Build.0 = Release|Any CPU
		{6B855765-8587-4626-A22D-35646F103B5C}.Release|iPhoneSimulator.ActiveCfg = Release|Any CPU
		{6B855765-8587-4626-A22D-35646F103B5C}.Release|iPhoneSimulator.Build.0 = Release|Any CPU
		{6B855765-8587-4626-A22D-35646F103B5C}.Debug|iPhone.ActiveCfg = Debug|Any CPU
		{6B855765-8587-4626-A22D-35646F103B5C}.Debug|iPhone.Build.0 = Debug|Any CPU
		{C8D11811-18D4-431C-B0A3-C2AFCED00F7E}.Debug|Any CPU.ActiveCfg = Debug|iPhoneSimulator
		{C8D11811-18D4-431C-B0A3-C2AFCED00F7E}.Debug|Any CPU.Build.0 = Debug|iPhoneSimulator
		{C8D11811-18D4-431C-B0A3-C2AFCED00F7E}.Release|Any CPU.ActiveCfg = Release|iPhone
		{C8D11811-18D4-431C-B0A3-C2AFCED00F7E}.Release|Any CPU.Build.0 = Release|iPhone
		{C8D11811-18D4-431C-B0A3-C2AFCED00F7E}.Debug|iPhoneSimulator.ActiveCfg = Debug|iPhoneSimulator
		{C8D11811-18D4-431C-B0A3-C2AFCED00F7E}.Debug|iPhoneSimulator.Build.0 = Debug|iPhoneSimulator
		{C8D11811-18D4-431C-B0A3-C2AFCED00F7E}.Release|iPhone.ActiveCfg = Release|iPhone
		{C8D11811-18D4-431C-B0A3-C2AFCED00F7E}.Release|iPhone.Build.0 = Release|iPhone
		{C8D11811-18D4-431C-B0A3-C2AFCED00F7E}.Release|iPhoneSimulator.ActiveCfg = Release|iPhoneSimulator
		{C8D11811-18D4-431C-B0A3-C2AFCED00F7E}.Release|iPhoneSimulator.Build.0 = Release|iPhoneSimulator
		{C8D11811-18D4-431C-B0A3-C2AFCED00F7E}.Debug|iPhone.ActiveCfg = Debug|iPhone
		{C8D11811-18D4-431C-B0A3-C2AFCED00F7E}.Debug|iPhone.Build.0 = Debug|iPhone
		{19175FF2-3858-453B-AB19-A76C0D268940}.Debug|Any CPU.ActiveCfg = Debug|Any CPU
		{19175FF2-3858-453B-AB19-A76C0D268940}.Debug|Any CPU.Build.0 = Debug|Any CPU
		{19175FF2-3858-453B-AB19-A76C0D268940}.Release|Any CPU.ActiveCfg = Release|Any CPU
		{19175FF2-3858-453B-AB19-A76C0D268940}.Release|Any CPU.Build.0 = Release|Any CPU
		{19175FF2-3858-453B-AB19-A76C0D268940}.Debug|iPhoneSimulator.ActiveCfg = Debug|Any CPU
		{19175FF2-3858-453B-AB19-A76C0D268940}.Debug|iPhoneSimulator.Build.0 = Debug|Any CPU
		{19175FF2-3858-453B-AB19-A76C0D268940}.Release|iPhone.ActiveCfg = Release|Any CPU
		{19175FF2-3858-453B-AB19-A76C0D268940}.Release|iPhone.Build.0 = Release|Any CPU
		{19175FF2-3858-453B-AB19-A76C0D268940}.Release|iPhoneSimulator.ActiveCfg = Release|Any CPU
		{19175FF2-3858-453B-AB19-A76C0D268940}.Release|iPhoneSimulator.Build.0 = Release|Any CPU
		{19175FF2-3858-453B-AB19-A76C0D268940}.Debug|iPhone.ActiveCfg = Debug|Any CPU
		{19175FF2-3858-453B-AB19-A76C0D268940}.Debug|iPhone.Build.0 = Debug|Any CPU
	EndGlobalSection
EndGlobal
